// !$*UTF8*$!
{
	archiveVersion = 1;
	classes = {
	};
	objectVersion = 46;
	objects = {

/* Begin PBXBuildFile section */
		D0958F841ADA9D0900FC4AA4 /* AppDelegate.swift in Sources */ = {isa = PBXBuildFile; fileRef = D0958F831ADA9D0900FC4AA4 /* AppDelegate.swift */; };
		D0958F871ADA9D0900FC4AA4 /* PSix.xcdatamodeld in Sources */ = {isa = PBXBuildFile; fileRef = D0958F851ADA9D0900FC4AA4 /* PSix.xcdatamodeld */; };
		D0958F891ADA9D0900FC4AA4 /* ViewController.swift in Sources */ = {isa = PBXBuildFile; fileRef = D0958F881ADA9D0900FC4AA4 /* ViewController.swift */; };
		D0958F8C1ADA9D0900FC4AA4 /* Main.storyboard in Resources */ = {isa = PBXBuildFile; fileRef = D0958F8A1ADA9D0900FC4AA4 /* Main.storyboard */; };
		D0958F8E1ADA9D0900FC4AA4 /* Images.xcassets in Resources */ = {isa = PBXBuildFile; fileRef = D0958F8D1ADA9D0900FC4AA4 /* Images.xcassets */; };
		D0958F911ADA9D0900FC4AA4 /* LaunchScreen.xib in Resources */ = {isa = PBXBuildFile; fileRef = D0958F8F1ADA9D0900FC4AA4 /* LaunchScreen.xib */; };
		D0958F9D1ADA9D0900FC4AA4 /* PSixTests.swift in Sources */ = {isa = PBXBuildFile; fileRef = D0958F9C1ADA9D0900FC4AA4 /* PSixTests.swift */; };
		D0958FA81ADA9E2900FC4AA4 /* Bolts.framework in Frameworks */ = {isa = PBXBuildFile; fileRef = D0958FA61ADA9E2900FC4AA4 /* Bolts.framework */; };
		D0958FA91ADA9E2900FC4AA4 /* Parse.framework in Frameworks */ = {isa = PBXBuildFile; fileRef = D0958FA71ADA9E2900FC4AA4 /* Parse.framework */; };
		D0958FAE1ADAA44000FC4AA4 /* FBSDKCoreKit.framework in Frameworks */ = {isa = PBXBuildFile; fileRef = D0958FAB1ADAA44000FC4AA4 /* FBSDKCoreKit.framework */; };
		D0958FAF1ADAA44000FC4AA4 /* FBSDKLoginKit.framework in Frameworks */ = {isa = PBXBuildFile; fileRef = D0958FAC1ADAA44000FC4AA4 /* FBSDKLoginKit.framework */; };
		D0958FB01ADAA44000FC4AA4 /* FBSDKShareKit.framework in Frameworks */ = {isa = PBXBuildFile; fileRef = D0958FAD1ADAA44000FC4AA4 /* FBSDKShareKit.framework */; };
/* End PBXBuildFile section */

/* Begin PBXContainerItemProxy section */
		D0958F971ADA9D0900FC4AA4 /* PBXContainerItemProxy */ = {
			isa = PBXContainerItemProxy;
			containerPortal = D0958F761ADA9D0900FC4AA4 /* Project object */;
			proxyType = 1;
			remoteGlobalIDString = D0958F7D1ADA9D0900FC4AA4;
			remoteInfo = PSix;
		};
/* End PBXContainerItemProxy section */

/* Begin PBXFileReference section */
		D0958F7E1ADA9D0900FC4AA4 /* PSix.app */ = {isa = PBXFileReference; explicitFileType = wrapper.application; includeInIndex = 0; path = PSix.app; sourceTree = BUILT_PRODUCTS_DIR; };
		D0958F821ADA9D0900FC4AA4 /* Info.plist */ = {isa = PBXFileReference; lastKnownFileType = text.plist.xml; path = Info.plist; sourceTree = "<group>"; };
		D0958F831ADA9D0900FC4AA4 /* AppDelegate.swift */ = {isa = PBXFileReference; lastKnownFileType = sourcecode.swift; path = AppDelegate.swift; sourceTree = "<group>"; };
		D0958F861ADA9D0900FC4AA4 /* PSix.xcdatamodel */ = {isa = PBXFileReference; lastKnownFileType = wrapper.xcdatamodel; path = PSix.xcdatamodel; sourceTree = "<group>"; };
		D0958F881ADA9D0900FC4AA4 /* ViewController.swift */ = {isa = PBXFileReference; lastKnownFileType = sourcecode.swift; path = ViewController.swift; sourceTree = "<group>"; };
		D0958F8B1ADA9D0900FC4AA4 /* Base */ = {isa = PBXFileReference; lastKnownFileType = file.storyboard; name = Base; path = Base.lproj/Main.storyboard; sourceTree = "<group>"; };
		D0958F8D1ADA9D0900FC4AA4 /* Images.xcassets */ = {isa = PBXFileReference; lastKnownFileType = folder.assetcatalog; path = Images.xcassets; sourceTree = "<group>"; };
		D0958F901ADA9D0900FC4AA4 /* Base */ = {isa = PBXFileReference; lastKnownFileType = file.xib; name = Base; path = Base.lproj/LaunchScreen.xib; sourceTree = "<group>"; };
		D0958F961ADA9D0900FC4AA4 /* PSixTests.xctest */ = {isa = PBXFileReference; explicitFileType = wrapper.cfbundle; includeInIndex = 0; path = PSixTests.xctest; sourceTree = BUILT_PRODUCTS_DIR; };
		D0958F9B1ADA9D0900FC4AA4 /* Info.plist */ = {isa = PBXFileReference; lastKnownFileType = text.plist.xml; path = Info.plist; sourceTree = "<group>"; };
		D0958F9C1ADA9D0900FC4AA4 /* PSixTests.swift */ = {isa = PBXFileReference; lastKnownFileType = sourcecode.swift; path = PSixTests.swift; sourceTree = "<group>"; };
		D0958FA61ADA9E2900FC4AA4 /* Bolts.framework */ = {isa = PBXFileReference; lastKnownFileType = wrapper.framework; path = Bolts.framework; sourceTree = "<group>"; };
		D0958FA71ADA9E2900FC4AA4 /* Parse.framework */ = {isa = PBXFileReference; lastKnownFileType = wrapper.framework; path = Parse.framework; sourceTree = "<group>"; };
		D0958FAB1ADAA44000FC4AA4 /* FBSDKCoreKit.framework */ = {isa = PBXFileReference; lastKnownFileType = wrapper.framework; name = FBSDKCoreKit.framework; path = ../../../Documents/FacebookSDK/FBSDKCoreKit.framework; sourceTree = "<group>"; };
		D0958FAC1ADAA44000FC4AA4 /* FBSDKLoginKit.framework */ = {isa = PBXFileReference; lastKnownFileType = wrapper.framework; name = FBSDKLoginKit.framework; path = ../../../Documents/FacebookSDK/FBSDKLoginKit.framework; sourceTree = "<group>"; };
		D0958FAD1ADAA44000FC4AA4 /* FBSDKShareKit.framework */ = {isa = PBXFileReference; lastKnownFileType = wrapper.framework; name = FBSDKShareKit.framework; path = ../../../Documents/FacebookSDK/FBSDKShareKit.framework; sourceTree = "<group>"; };
/* End PBXFileReference section */

/* Begin PBXFrameworksBuildPhase section */
		D0958F7B1ADA9D0900FC4AA4 /* Frameworks */ = {
			isa = PBXFrameworksBuildPhase;
			buildActionMask = 2147483647;
			files = (
				D0958FA91ADA9E2900FC4AA4 /* Parse.framework in Frameworks */,
				D0958FAE1ADAA44000FC4AA4 /* FBSDKCoreKit.framework in Frameworks */,
				D0958FB01ADAA44000FC4AA4 /* FBSDKShareKit.framework in Frameworks */,
				D0958FAF1ADAA44000FC4AA4 /* FBSDKLoginKit.framework in Frameworks */,
				D0958FA81ADA9E2900FC4AA4 /* Bolts.framework in Frameworks */,
			);
			runOnlyForDeploymentPostprocessing = 0;
		};
		D0958F931ADA9D0900FC4AA4 /* Frameworks */ = {
			isa = PBXFrameworksBuildPhase;
			buildActionMask = 2147483647;
			files = (
			);
			runOnlyForDeploymentPostprocessing = 0;
		};
/* End PBXFrameworksBuildPhase section */

/* Begin PBXGroup section */
		D0958F751ADA9D0900FC4AA4 = {
			isa = PBXGroup;
			children = (
				D0958F801ADA9D0900FC4AA4 /* PSix */,
				D0958F991ADA9D0900FC4AA4 /* PSixTests */,
				D0958F7F1ADA9D0900FC4AA4 /* Products */,
				D0958FAA1ADA9E9300FC4AA4 /* Frameworks */,
			);
			sourceTree = "<group>";
		};
		D0958F7F1ADA9D0900FC4AA4 /* Products */ = {
			isa = PBXGroup;
			children = (
				D0958F7E1ADA9D0900FC4AA4 /* PSix.app */,
				D0958F961ADA9D0900FC4AA4 /* PSixTests.xctest */,
			);
			name = Products;
			sourceTree = "<group>";
		};
		D0958F801ADA9D0900FC4AA4 /* PSix */ = {
			isa = PBXGroup;
			children = (
				D0958F831ADA9D0900FC4AA4 /* AppDelegate.swift */,
				D0958F881ADA9D0900FC4AA4 /* ViewController.swift */,
				D0958F8A1ADA9D0900FC4AA4 /* Main.storyboard */,
				D0958F8D1ADA9D0900FC4AA4 /* Images.xcassets */,
				D0958F8F1ADA9D0900FC4AA4 /* LaunchScreen.xib */,
				D0958F851ADA9D0900FC4AA4 /* PSix.xcdatamodeld */,
				D0958F811ADA9D0900FC4AA4 /* Supporting Files */,
			);
			path = PSix;
			sourceTree = "<group>";
		};
		D0958F811ADA9D0900FC4AA4 /* Supporting Files */ = {
			isa = PBXGroup;
			children = (
				D0958F821ADA9D0900FC4AA4 /* Info.plist */,
			);
			name = "Supporting Files";
			sourceTree = "<group>";
		};
		D0958F991ADA9D0900FC4AA4 /* PSixTests */ = {
			isa = PBXGroup;
			children = (
				D0958F9C1ADA9D0900FC4AA4 /* PSixTests.swift */,
				D0958F9A1ADA9D0900FC4AA4 /* Supporting Files */,
			);
			path = PSixTests;
			sourceTree = "<group>";
		};
		D0958F9A1ADA9D0900FC4AA4 /* Supporting Files */ = {
			isa = PBXGroup;
			children = (
				D0958F9B1ADA9D0900FC4AA4 /* Info.plist */,
			);
			name = "Supporting Files";
			sourceTree = "<group>";
		};
		D0958FAA1ADA9E9300FC4AA4 /* Frameworks */ = {
			isa = PBXGroup;
			children = (
				D0958FAB1ADAA44000FC4AA4 /* FBSDKCoreKit.framework */,
				D0958FAC1ADAA44000FC4AA4 /* FBSDKLoginKit.framework */,
				D0958FAD1ADAA44000FC4AA4 /* FBSDKShareKit.framework */,
				D0958FA61ADA9E2900FC4AA4 /* Bolts.framework */,
				D0958FA71ADA9E2900FC4AA4 /* Parse.framework */,
			);
			name = Frameworks;
			sourceTree = "<group>";
		};
/* End PBXGroup section */

/* Begin PBXNativeTarget section */
		D0958F7D1ADA9D0900FC4AA4 /* PSix */ = {
			isa = PBXNativeTarget;
			buildConfigurationList = D0958FA01ADA9D0900FC4AA4 /* Build configuration list for PBXNativeTarget "PSix" */;
			buildPhases = (
				D0958F7A1ADA9D0900FC4AA4 /* Sources */,
				D0958F7B1ADA9D0900FC4AA4 /* Frameworks */,
				D0958F7C1ADA9D0900FC4AA4 /* Resources */,
			);
			buildRules = (
			);
			dependencies = (
			);
			name = PSix;
			productName = PSix;
			productReference = D0958F7E1ADA9D0900FC4AA4 /* PSix.app */;
			productType = "com.apple.product-type.application";
		};
		D0958F951ADA9D0900FC4AA4 /* PSixTests */ = {
			isa = PBXNativeTarget;
			buildConfigurationList = D0958FA31ADA9D0900FC4AA4 /* Build configuration list for PBXNativeTarget "PSixTests" */;
			buildPhases = (
				D0958F921ADA9D0900FC4AA4 /* Sources */,
				D0958F931ADA9D0900FC4AA4 /* Frameworks */,
				D0958F941ADA9D0900FC4AA4 /* Resources */,
			);
			buildRules = (
			);
			dependencies = (
				D0958F981ADA9D0900FC4AA4 /* PBXTargetDependency */,
			);
			name = PSixTests;
			productName = PSixTests;
			productReference = D0958F961ADA9D0900FC4AA4 /* PSixTests.xctest */;
			productType = "com.apple.product-type.bundle.unit-test";
		};
/* End PBXNativeTarget section */

/* Begin PBXProject section */
		D0958F761ADA9D0900FC4AA4 /* Project object */ = {
			isa = PBXProject;
			attributes = {
				LastUpgradeCheck = 0630;
				ORGANIZATIONNAME = PayPal;
				TargetAttributes = {
					D0958F7D1ADA9D0900FC4AA4 = {
						CreatedOnToolsVersion = 6.3;
					};
					D0958F951ADA9D0900FC4AA4 = {
						CreatedOnToolsVersion = 6.3;
						TestTargetID = D0958F7D1ADA9D0900FC4AA4;
					};
				};
			};
			buildConfigurationList = D0958F791ADA9D0900FC4AA4 /* Build configuration list for PBXProject "PSix" */;
			compatibilityVersion = "Xcode 3.2";
			developmentRegion = English;
			hasScannedForEncodings = 0;
			knownRegions = (
				en,
				Base,
			);
			mainGroup = D0958F751ADA9D0900FC4AA4;
			productRefGroup = D0958F7F1ADA9D0900FC4AA4 /* Products */;
			projectDirPath = "";
			projectRoot = "";
			targets = (
				D0958F7D1ADA9D0900FC4AA4 /* PSix */,
				D0958F951ADA9D0900FC4AA4 /* PSixTests */,
			);
		};
/* End PBXProject section */

/* Begin PBXResourcesBuildPhase section */
		D0958F7C1ADA9D0900FC4AA4 /* Resources */ = {
			isa = PBXResourcesBuildPhase;
			buildActionMask = 2147483647;
			files = (
				D0958F8C1ADA9D0900FC4AA4 /* Main.storyboard in Resources */,
				D0958F911ADA9D0900FC4AA4 /* LaunchScreen.xib in Resources */,
				D0958F8E1ADA9D0900FC4AA4 /* Images.xcassets in Resources */,
			);
			runOnlyForDeploymentPostprocessing = 0;
		};
		D0958F941ADA9D0900FC4AA4 /* Resources */ = {
			isa = PBXResourcesBuildPhase;
			buildActionMask = 2147483647;
			files = (
			);
			runOnlyForDeploymentPostprocessing = 0;
		};
/* End PBXResourcesBuildPhase section */

/* Begin PBXSourcesBuildPhase section */
		D0958F7A1ADA9D0900FC4AA4 /* Sources */ = {
			isa = PBXSourcesBuildPhase;
			buildActionMask = 2147483647;
			files = (
				D0958F891ADA9D0900FC4AA4 /* ViewController.swift in Sources */,
				D0958F841ADA9D0900FC4AA4 /* AppDelegate.swift in Sources */,
				D0958F871ADA9D0900FC4AA4 /* PSix.xcdatamodeld in Sources */,
			);
			runOnlyForDeploymentPostprocessing = 0;
		};
		D0958F921ADA9D0900FC4AA4 /* Sources */ = {
			isa = PBXSourcesBuildPhase;
			buildActionMask = 2147483647;
			files = (
				D0958F9D1ADA9D0900FC4AA4 /* PSixTests.swift in Sources */,
			);
			runOnlyForDeploymentPostprocessing = 0;
		};
/* End PBXSourcesBuildPhase section */

/* Begin PBXTargetDependency section */
		D0958F981ADA9D0900FC4AA4 /* PBXTargetDependency */ = {
			isa = PBXTargetDependency;
			target = D0958F7D1ADA9D0900FC4AA4 /* PSix */;
			targetProxy = D0958F971ADA9D0900FC4AA4 /* PBXContainerItemProxy */;
		};
/* End PBXTargetDependency section */

/* Begin PBXVariantGroup section */
		D0958F8A1ADA9D0900FC4AA4 /* Main.storyboard */ = {
			isa = PBXVariantGroup;
			children = (
				D0958F8B1ADA9D0900FC4AA4 /* Base */,
			);
			name = Main.storyboard;
			sourceTree = "<group>";
		};
		D0958F8F1ADA9D0900FC4AA4 /* LaunchScreen.xib */ = {
			isa = PBXVariantGroup;
			children = (
				D0958F901ADA9D0900FC4AA4 /* Base */,
			);
			name = LaunchScreen.xib;
			sourceTree = "<group>";
		};
/* End PBXVariantGroup section */

/* Begin XCBuildConfiguration section */
		D0958F9E1ADA9D0900FC4AA4 /* Debug */ = {
			isa = XCBuildConfiguration;
			buildSettings = {
				ALWAYS_SEARCH_USER_PATHS = NO;
				CLANG_CXX_LANGUAGE_STANDARD = "gnu++0x";
				CLANG_CXX_LIBRARY = "libc++";
				CLANG_ENABLE_MODULES = YES;
				CLANG_ENABLE_OBJC_ARC = YES;
				CLANG_WARN_BOOL_CONVERSION = YES;
				CLANG_WARN_CONSTANT_CONVERSION = YES;
				CLANG_WARN_DIRECT_OBJC_ISA_USAGE = YES_ERROR;
				CLANG_WARN_EMPTY_BODY = YES;
				CLANG_WARN_ENUM_CONVERSION = YES;
				CLANG_WARN_INT_CONVERSION = YES;
				CLANG_WARN_OBJC_ROOT_CLASS = YES_ERROR;
				CLANG_WARN_UNREACHABLE_CODE = YES;
				CLANG_WARN__DUPLICATE_METHOD_MATCH = YES;
				"CODE_SIGN_IDENTITY[sdk=iphoneos*]" = "iPhone Developer";
				COPY_PHASE_STRIP = NO;
				DEBUG_INFORMATION_FORMAT = "dwarf-with-dsym";
				ENABLE_STRICT_OBJC_MSGSEND = YES;
				GCC_C_LANGUAGE_STANDARD = gnu99;
				GCC_DYNAMIC_NO_PIC = NO;
				GCC_NO_COMMON_BLOCKS = YES;
				GCC_OPTIMIZATION_LEVEL = 0;
				GCC_PREPROCESSOR_DEFINITIONS = (
					"DEBUG=1",
					"$(inherited)",
				);
				GCC_SYMBOLS_PRIVATE_EXTERN = NO;
				GCC_WARN_64_TO_32_BIT_CONVERSION = YES;
				GCC_WARN_ABOUT_RETURN_TYPE = YES_ERROR;
				GCC_WARN_UNDECLARED_SELECTOR = YES;
				GCC_WARN_UNINITIALIZED_AUTOS = YES_AGGRESSIVE;
				GCC_WARN_UNUSED_FUNCTION = YES;
				GCC_WARN_UNUSED_VARIABLE = YES;
				IPHONEOS_DEPLOYMENT_TARGET = 8.3;
				MTL_ENABLE_DEBUG_INFO = YES;
				ONLY_ACTIVE_ARCH = YES;
				SDKROOT = iphoneos;
				SWIFT_OPTIMIZATION_LEVEL = "-Onone";
				TARGETED_DEVICE_FAMILY = "1,2";
			};
			name = Debug;
		};
		D0958F9F1ADA9D0900FC4AA4 /* Release */ = {
			isa = XCBuildConfiguration;
			buildSettings = {
				ALWAYS_SEARCH_USER_PATHS = NO;
				CLANG_CXX_LANGUAGE_STANDARD = "gnu++0x";
				CLANG_CXX_LIBRARY = "libc++";
				CLANG_ENABLE_MODULES = YES;
				CLANG_ENABLE_OBJC_ARC = YES;
				CLANG_WARN_BOOL_CONVERSION = YES;
				CLANG_WARN_CONSTANT_CONVERSION = YES;
				CLANG_WARN_DIRECT_OBJC_ISA_USAGE = YES_ERROR;
				CLANG_WARN_EMPTY_BODY = YES;
				CLANG_WARN_ENUM_CONVERSION = YES;
				CLANG_WARN_INT_CONVERSION = YES;
				CLANG_WARN_OBJC_ROOT_CLASS = YES_ERROR;
				CLANG_WARN_UNREACHABLE_CODE = YES;
				CLANG_WARN__DUPLICATE_METHOD_MATCH = YES;
				"CODE_SIGN_IDENTITY[sdk=iphoneos*]" = "iPhone Developer";
				COPY_PHASE_STRIP = NO;
				DEBUG_INFORMATION_FORMAT = "dwarf-with-dsym";
				ENABLE_NS_ASSERTIONS = NO;
				ENABLE_STRICT_OBJC_MSGSEND = YES;
				GCC_C_LANGUAGE_STANDARD = gnu99;
				GCC_NO_COMMON_BLOCKS = YES;
				GCC_WARN_64_TO_32_BIT_CONVERSION = YES;
				GCC_WARN_ABOUT_RETURN_TYPE = YES_ERROR;
				GCC_WARN_UNDECLARED_SELECTOR = YES;
				GCC_WARN_UNINITIALIZED_AUTOS = YES_AGGRESSIVE;
				GCC_WARN_UNUSED_FUNCTION = YES;
				GCC_WARN_UNUSED_VARIABLE = YES;
				IPHONEOS_DEPLOYMENT_TARGET = 8.3;
				MTL_ENABLE_DEBUG_INFO = NO;
				SDKROOT = iphoneos;
				TARGETED_DEVICE_FAMILY = "1,2";
				VALIDATE_PRODUCT = YES;
			};
			name = Release;
		};
		D0958FA11ADA9D0900FC4AA4 /* Debug */ = {
			isa = XCBuildConfiguration;
			buildSettings = {
				ASSETCATALOG_COMPILER_APPICON_NAME = AppIcon;
				FRAMEWORK_SEARCH_PATHS = (
					"$(inherited)",
					"$(PROJECT_DIR)",
					/Users/aturzion/Documents/FacebookSDK,
				);
				INFOPLIST_FILE = PSix/Info.plist;
				LD_RUNPATH_SEARCH_PATHS = "$(inherited) @executable_path/Frameworks";
				PRODUCT_NAME = "$(TARGET_NAME)";
			};
			name = Debug;
		};
		D0958FA21ADA9D0900FC4AA4 /* Release */ = {
			isa = XCBuildConfiguration;
			buildSettings = {
				ASSETCATALOG_COMPILER_APPICON_NAME = AppIcon;
				FRAMEWORK_SEARCH_PATHS = (
					"$(inherited)",
					"$(PROJECT_DIR)",
					/Users/aturzion/Documents/FacebookSDK,
				);
				INFOPLIST_FILE = PSix/Info.plist;
				LD_RUNPATH_SEARCH_PATHS = "$(inherited) @executable_path/Frameworks";
				PRODUCT_NAME = "$(TARGET_NAME)";
			};
			name = Release;
		};
		D0958FA41ADA9D0900FC4AA4 /* Debug */ = {
			isa = XCBuildConfiguration;
			buildSettings = {
				BUNDLE_LOADER = "$(TEST_HOST)";
				FRAMEWORK_SEARCH_PATHS = (
					"$(SDKROOT)/Developer/Library/Frameworks",
					"$(inherited)",
				);
				GCC_PREPROCESSOR_DEFINITIONS = (
					"DEBUG=1",
					"$(inherited)",
				);
				INFOPLIST_FILE = PSixTests/Info.plist;
				LD_RUNPATH_SEARCH_PATHS = "$(inherited) @executable_path/Frameworks @loader_path/Frameworks";
				PRODUCT_NAME = "$(TARGET_NAME)";
				TEST_HOST = "$(BUILT_PRODUCTS_DIR)/PSix.app/PSix";
			};
			name = Debug;
		};
		D0958FA51ADA9D0900FC4AA4 /* Release */ = {
			isa = XCBuildConfiguration;
			buildSettings = {
				BUNDLE_LOADER = "$(TEST_HOST)";
				FRAMEWORK_SEARCH_PATHS = (
					"$(SDKROOT)/Developer/Library/Frameworks",
					"$(inherited)",
				);
				INFOPLIST_FILE = PSixTests/Info.plist;
				LD_RUNPATH_SEARCH_PATHS = "$(inherited) @executable_path/Frameworks @loader_path/Frameworks";
				PRODUCT_NAME = "$(TARGET_NAME)";
				TEST_HOST = "$(BUILT_PRODUCTS_DIR)/PSix.app/PSix";
			};
			name = Release;
		};
/* End XCBuildConfiguration section */

/* Begin XCConfigurationList section */
		D0958F791ADA9D0900FC4AA4 /* Build configuration list for PBXProject "PSix" */ = {
			isa = XCConfigurationList;
			buildConfigurations = (
				D0958F9E1ADA9D0900FC4AA4 /* Debug */,
				D0958F9F1ADA9D0900FC4AA4 /* Release */,
			);
			defaultConfigurationIsVisible = 0;
			defaultConfigurationName = Release;
		};
		D0958FA01ADA9D0900FC4AA4 /* Build configuration list for PBXNativeTarget "PSix" */ = {
			isa = XCConfigurationList;
			buildConfigurations = (
				D0958FA11ADA9D0900FC4AA4 /* Debug */,
				D0958FA21ADA9D0900FC4AA4 /* Release */,
			);
			defaultConfigurationIsVisible = 0;
		};
		D0958FA31ADA9D0900FC4AA4 /* Build configuration list for PBXNativeTarget "PSixTests" */ = {
			isa = XCConfigurationList;
			buildConfigurations = (
				D0958FA41ADA9D0900FC4AA4 /* Debug */,
				D0958FA51ADA9D0900FC4AA4 /* Release */,
			);
			defaultConfigurationIsVisible = 0;
		};
/* End XCConfigurationList section */

/* Begin XCVersionGroup section */
		D0958F851ADA9D0900FC4AA4 /* PSix.xcdatamodeld */ = {
			isa = XCVersionGroup;
			children = (
				D0958F861ADA9D0900FC4AA4 /* PSix.xcdatamodel */,
			);
			currentVersion = D0958F861ADA9D0900FC4AA4 /* PSix.xcdatamodel */;
			path = PSix.xcdatamodeld;
			sourceTree = "<group>";
			versionGroupType = wrapper.xcdatamodel;
		};
/* End XCVersionGroup section */
	};
	rootObject = D0958F761ADA9D0900FC4AA4 /* Project object */;
}
