// !$*UTF8*$!
{
	archiveVersion = 1;
	classes = {
	};
	objectVersion = 46;
	objects = {

/* Begin PBXBuildFile section */
		A01FAC2E013F6AB831E287F0 /* libPods-PSix.a in Frameworks */ = {isa = PBXBuildFile; fileRef = 39BDBF7FFA39053123B247C8 /* libPods-PSix.a */; };
		D00632431ADE547400022DDF /* Onboarding.storyboard in Resources */ = {isa = PBXBuildFile; fileRef = D00632421ADE547400022DDF /* Onboarding.storyboard */; };
		D00632451ADE54DA00022DDF /* EventsFlow.storyboard in Resources */ = {isa = PBXBuildFile; fileRef = D00632441ADE54DA00022DDF /* EventsFlow.storyboard */; };
		D008A11A1ADD2F9E00AF6666 /* ParseUserSession.swift in Sources */ = {isa = PBXBuildFile; fileRef = D008A1191ADD2F9E00AF6666 /* ParseUserSession.swift */; };
		D00D2EF41AF26B950066CE51 /* RSVP.swift in Sources */ = {isa = PBXBuildFile; fileRef = D00D2EF31AF26B950066CE51 /* RSVP.swift */; };
		D0124FDA1AF11B9A00965A10 /* Array.swift in Sources */ = {isa = PBXBuildFile; fileRef = D0124FD91AF11B9A00965A10 /* Array.swift */; };
		D0178CAE1AEE78DB00FD2DD1 /* EventPresenter.swift in Sources */ = {isa = PBXBuildFile; fileRef = D0178CAD1AEE78DB00FD2DD1 /* EventPresenter.swift */; };
		D01BD2AA1AFA990F0010B39A /* ParseUserSessionDelegate.swift in Sources */ = {isa = PBXBuildFile; fileRef = D01BD2A91AFA990F0010B39A /* ParseUserSessionDelegate.swift */; };
		D01BD2AE1AFB5A520010B39A /* EventDetailsCoverView.xib in Resources */ = {isa = PBXBuildFile; fileRef = D01BD2AD1AFB5A520010B39A /* EventDetailsCoverView.xib */; };
		D01BD2B01AFB5E5B0010B39A /* EventDetailsCoverView.swift in Sources */ = {isa = PBXBuildFile; fileRef = D01BD2AF1AFB5E5B0010B39A /* EventDetailsCoverView.swift */; };
		D01BD2B41AFB85A20010B39A /* EventCoverCell.swift in Sources */ = {isa = PBXBuildFile; fileRef = D01BD2B31AFB85A20010B39A /* EventCoverCell.swift */; };
		D01BD2B61AFB91330010B39A /* EventPaymentStatusCell.swift in Sources */ = {isa = PBXBuildFile; fileRef = D01BD2B51AFB91330010B39A /* EventPaymentStatusCell.swift */; };
		D01BD2B81AFB916F0010B39A /* RsvpSelectionCell.swift in Sources */ = {isa = PBXBuildFile; fileRef = D01BD2B71AFB916F0010B39A /* RsvpSelectionCell.swift */; };
		D01BD2BA1AFB91880010B39A /* RsvpStubCell.swift in Sources */ = {isa = PBXBuildFile; fileRef = D01BD2B91AFB91880010B39A /* RsvpStubCell.swift */; };
		D0455D3D1AF8B9E1002148D8 /* EventDetailsViewController.swift in Sources */ = {isa = PBXBuildFile; fileRef = D0455D3C1AF8B9E1002148D8 /* EventDetailsViewController.swift */; };
		D0455D411AF8CC28002148D8 /* P6RootViewController.swift in Sources */ = {isa = PBXBuildFile; fileRef = D0455D401AF8CC28002148D8 /* P6RootViewController.swift */; };
		D0455D431AF8D35A002148D8 /* UIViewController.swift in Sources */ = {isa = PBXBuildFile; fileRef = D0455D421AF8D35A002148D8 /* UIViewController.swift */; };
		D04A951F1AE6990A007B1D70 /* String.swift in Sources */ = {isa = PBXBuildFile; fileRef = D04A951E1AE6990A007B1D70 /* String.swift */; };
		D0501E0F1ADBD7E900EB6A83 /* OnboardingViewController.swift in Sources */ = {isa = PBXBuildFile; fileRef = D0501E0E1ADBD7E900EB6A83 /* OnboardingViewController.swift */; };
		D0501E111ADBD7FF00EB6A83 /* EventsListViewController.swift in Sources */ = {isa = PBXBuildFile; fileRef = D0501E101ADBD7FF00EB6A83 /* EventsListViewController.swift */; };
		D06957761ADEAF09009DB549 /* User.swift in Sources */ = {isa = PBXBuildFile; fileRef = D06957751ADEAF09009DB549 /* User.swift */; };
		D06957781ADEF3EB009DB549 /* Event.swift in Sources */ = {isa = PBXBuildFile; fileRef = D06957771ADEF3EB009DB549 /* Event.swift */; };
		D069577B1ADFCFC4009DB549 /* FacebookService.swift in Sources */ = {isa = PBXBuildFile; fileRef = D069577A1ADFCFC4009DB549 /* FacebookService.swift */; };
		D08A16F81AED939900EC58AE /* Payment.swift in Sources */ = {isa = PBXBuildFile; fileRef = D08A16F71AED939900EC58AE /* Payment.swift */; };
		D0958F841ADA9D0900FC4AA4 /* AppDelegate.swift in Sources */ = {isa = PBXBuildFile; fileRef = D0958F831ADA9D0900FC4AA4 /* AppDelegate.swift */; };
		D0958F8E1ADA9D0900FC4AA4 /* Images.xcassets in Resources */ = {isa = PBXBuildFile; fileRef = D0958F8D1ADA9D0900FC4AA4 /* Images.xcassets */; };
		D0958F9D1ADA9D0900FC4AA4 /* PSixTests.swift in Sources */ = {isa = PBXBuildFile; fileRef = D0958F9C1ADA9D0900FC4AA4 /* PSixTests.swift */; };
		D0B8A5991AECD20F00B1BAC9 /* EventCell.swift in Sources */ = {isa = PBXBuildFile; fileRef = D0B8A5981AECD20F00B1BAC9 /* EventCell.swift */; };
		D0B8A59C1AECFCF900B1BAC9 /* NSDate.swift in Sources */ = {isa = PBXBuildFile; fileRef = D0B8A59B1AECFCF900B1BAC9 /* NSDate.swift */; };
		D0C015121AE51E0B00BC9152 /* FBRequest.swift in Sources */ = {isa = PBXBuildFile; fileRef = D0C015111AE51E0B00BC9152 /* FBRequest.swift */; };
		D0C015151AE51F2B00BC9152 /* FBUserRequest.swift in Sources */ = {isa = PBXBuildFile; fileRef = D0C015141AE51F2B00BC9152 /* FBUserRequest.swift */; };
		D0C015191AE5339300BC9152 /* FBUserEventsRequest.swift in Sources */ = {isa = PBXBuildFile; fileRef = D0C015181AE5339300BC9152 /* FBUserEventsRequest.swift */; };
		D0C0151B1AE54A9700BC9152 /* FBConstants.swift in Sources */ = {isa = PBXBuildFile; fileRef = D0C0151A1AE54A9700BC9152 /* FBConstants.swift */; };
		D0C0151D1AE55DAC00BC9152 /* FBResponse.swift in Sources */ = {isa = PBXBuildFile; fileRef = D0C0151C1AE55DAC00BC9152 /* FBResponse.swift */; };
		D0E31D4B1AF6155F007865D2 /* MonthDay.xib in Resources */ = {isa = PBXBuildFile; fileRef = D0E31D4A1AF6155F007865D2 /* MonthDay.xib */; };
		D0E31D4D1AF62E0C007865D2 /* MonthDay.swift in Sources */ = {isa = PBXBuildFile; fileRef = D0E31D4C1AF62E0C007865D2 /* MonthDay.swift */; };
		D0E31D501AF65C0B007865D2 /* UIXibView.swift in Sources */ = {isa = PBXBuildFile; fileRef = D0E31D4F1AF65C0B007865D2 /* UIXibView.swift */; };
		D0E31D531AF66A01007865D2 /* ShadedImageView.xib in Resources */ = {isa = PBXBuildFile; fileRef = D0E31D521AF66A01007865D2 /* ShadedImageView.xib */; };
		D0E31D551AF66A66007865D2 /* ShadedImageView.swift in Sources */ = {isa = PBXBuildFile; fileRef = D0E31D541AF66A66007865D2 /* ShadedImageView.swift */; };
/* End PBXBuildFile section */

/* Begin PBXContainerItemProxy section */
		D0958F971ADA9D0900FC4AA4 /* PBXContainerItemProxy */ = {
			isa = PBXContainerItemProxy;
			containerPortal = D0958F761ADA9D0900FC4AA4 /* Project object */;
			proxyType = 1;
			remoteGlobalIDString = D0958F7D1ADA9D0900FC4AA4;
			remoteInfo = PSix;
		};
/* End PBXContainerItemProxy section */

/* Begin PBXFileReference section */
		0ED50DFA5BC13E55468E6751 /* Pods-PSix.debug.xcconfig */ = {isa = PBXFileReference; includeInIndex = 1; lastKnownFileType = text.xcconfig; name = "Pods-PSix.debug.xcconfig"; path = "Pods/Target Support Files/Pods-PSix/Pods-PSix.debug.xcconfig"; sourceTree = "<group>"; };
		1FDEA9F7EB8198959E50BE9E /* Pods-PSix.release.xcconfig */ = {isa = PBXFileReference; includeInIndex = 1; lastKnownFileType = text.xcconfig; name = "Pods-PSix.release.xcconfig"; path = "Pods/Target Support Files/Pods-PSix/Pods-PSix.release.xcconfig"; sourceTree = "<group>"; };
		39BDBF7FFA39053123B247C8 /* libPods-PSix.a */ = {isa = PBXFileReference; explicitFileType = archive.ar; includeInIndex = 0; path = "libPods-PSix.a"; sourceTree = BUILT_PRODUCTS_DIR; };
		D00632421ADE547400022DDF /* Onboarding.storyboard */ = {isa = PBXFileReference; fileEncoding = 4; lastKnownFileType = file.storyboard; path = Onboarding.storyboard; sourceTree = "<group>"; };
		D00632441ADE54DA00022DDF /* EventsFlow.storyboard */ = {isa = PBXFileReference; fileEncoding = 4; lastKnownFileType = file.storyboard; path = EventsFlow.storyboard; sourceTree = "<group>"; };
		D008A1191ADD2F9E00AF6666 /* ParseUserSession.swift */ = {isa = PBXFileReference; fileEncoding = 4; lastKnownFileType = sourcecode.swift; path = ParseUserSession.swift; sourceTree = "<group>"; };
		D00D2EF31AF26B950066CE51 /* RSVP.swift */ = {isa = PBXFileReference; fileEncoding = 4; lastKnownFileType = sourcecode.swift; path = RSVP.swift; sourceTree = "<group>"; };
		D0124FD91AF11B9A00965A10 /* Array.swift */ = {isa = PBXFileReference; fileEncoding = 4; lastKnownFileType = sourcecode.swift; path = Array.swift; sourceTree = "<group>"; };
		D0178CAD1AEE78DB00FD2DD1 /* EventPresenter.swift */ = {isa = PBXFileReference; fileEncoding = 4; lastKnownFileType = sourcecode.swift; path = EventPresenter.swift; sourceTree = "<group>"; };
		D01BD2A91AFA990F0010B39A /* ParseUserSessionDelegate.swift */ = {isa = PBXFileReference; fileEncoding = 4; lastKnownFileType = sourcecode.swift; path = ParseUserSessionDelegate.swift; sourceTree = "<group>"; };
		D01BD2AD1AFB5A520010B39A /* EventDetailsCoverView.xib */ = {isa = PBXFileReference; fileEncoding = 4; lastKnownFileType = file.xib; path = EventDetailsCoverView.xib; sourceTree = "<group>"; };
		D01BD2AF1AFB5E5B0010B39A /* EventDetailsCoverView.swift */ = {isa = PBXFileReference; fileEncoding = 4; lastKnownFileType = sourcecode.swift; path = EventDetailsCoverView.swift; sourceTree = "<group>"; };
		D01BD2B31AFB85A20010B39A /* EventCoverCell.swift */ = {isa = PBXFileReference; fileEncoding = 4; lastKnownFileType = sourcecode.swift; path = EventCoverCell.swift; sourceTree = "<group>"; };
		D01BD2B51AFB91330010B39A /* EventPaymentStatusCell.swift */ = {isa = PBXFileReference; fileEncoding = 4; lastKnownFileType = sourcecode.swift; path = EventPaymentStatusCell.swift; sourceTree = "<group>"; };
		D01BD2B71AFB916F0010B39A /* RsvpSelectionCell.swift */ = {isa = PBXFileReference; fileEncoding = 4; lastKnownFileType = sourcecode.swift; path = RsvpSelectionCell.swift; sourceTree = "<group>"; };
		D01BD2B91AFB91880010B39A /* RsvpStubCell.swift */ = {isa = PBXFileReference; fileEncoding = 4; lastKnownFileType = sourcecode.swift; path = RsvpStubCell.swift; sourceTree = "<group>"; };
		D0455D3C1AF8B9E1002148D8 /* EventDetailsViewController.swift */ = {isa = PBXFileReference; fileEncoding = 4; lastKnownFileType = sourcecode.swift; path = EventDetailsViewController.swift; sourceTree = "<group>"; };
		D0455D401AF8CC28002148D8 /* P6RootViewController.swift */ = {isa = PBXFileReference; fileEncoding = 4; lastKnownFileType = sourcecode.swift; path = P6RootViewController.swift; sourceTree = "<group>"; };
		D0455D421AF8D35A002148D8 /* UIViewController.swift */ = {isa = PBXFileReference; fileEncoding = 4; lastKnownFileType = sourcecode.swift; path = UIViewController.swift; sourceTree = "<group>"; };
		D04A951E1AE6990A007B1D70 /* String.swift */ = {isa = PBXFileReference; fileEncoding = 4; lastKnownFileType = sourcecode.swift; path = String.swift; sourceTree = "<group>"; };
		D0501E0C1ADBBA9000EB6A83 /* ObjCBridging.h */ = {isa = PBXFileReference; lastKnownFileType = sourcecode.c.h; path = ObjCBridging.h; sourceTree = "<group>"; };
		D0501E0E1ADBD7E900EB6A83 /* OnboardingViewController.swift */ = {isa = PBXFileReference; fileEncoding = 4; lastKnownFileType = sourcecode.swift; path = OnboardingViewController.swift; sourceTree = "<group>"; };
		D0501E101ADBD7FF00EB6A83 /* EventsListViewController.swift */ = {isa = PBXFileReference; fileEncoding = 4; lastKnownFileType = sourcecode.swift; path = EventsListViewController.swift; sourceTree = "<group>"; };
		D06957751ADEAF09009DB549 /* User.swift */ = {isa = PBXFileReference; fileEncoding = 4; lastKnownFileType = sourcecode.swift; path = User.swift; sourceTree = "<group>"; };
		D06957771ADEF3EB009DB549 /* Event.swift */ = {isa = PBXFileReference; fileEncoding = 4; lastKnownFileType = sourcecode.swift; path = Event.swift; sourceTree = "<group>"; };
		D069577A1ADFCFC4009DB549 /* FacebookService.swift */ = {isa = PBXFileReference; fileEncoding = 4; lastKnownFileType = sourcecode.swift; path = FacebookService.swift; sourceTree = "<group>"; };
		D08A16F71AED939900EC58AE /* Payment.swift */ = {isa = PBXFileReference; fileEncoding = 4; lastKnownFileType = sourcecode.swift; path = Payment.swift; sourceTree = "<group>"; };
		D0958F7E1ADA9D0900FC4AA4 /* PSix.app */ = {isa = PBXFileReference; explicitFileType = wrapper.application; includeInIndex = 0; path = PSix.app; sourceTree = BUILT_PRODUCTS_DIR; };
		D0958F821ADA9D0900FC4AA4 /* Info.plist */ = {isa = PBXFileReference; lastKnownFileType = text.plist.xml; path = Info.plist; sourceTree = "<group>"; };
		D0958F831ADA9D0900FC4AA4 /* AppDelegate.swift */ = {isa = PBXFileReference; lastKnownFileType = sourcecode.swift; path = AppDelegate.swift; sourceTree = "<group>"; };
		D0958F8D1ADA9D0900FC4AA4 /* Images.xcassets */ = {isa = PBXFileReference; lastKnownFileType = folder.assetcatalog; path = Images.xcassets; sourceTree = "<group>"; };
		D0958F961ADA9D0900FC4AA4 /* PSixTests.xctest */ = {isa = PBXFileReference; explicitFileType = wrapper.cfbundle; includeInIndex = 0; path = PSixTests.xctest; sourceTree = BUILT_PRODUCTS_DIR; };
		D0958F9B1ADA9D0900FC4AA4 /* Info.plist */ = {isa = PBXFileReference; lastKnownFileType = text.plist.xml; path = Info.plist; sourceTree = "<group>"; };
		D0958F9C1ADA9D0900FC4AA4 /* PSixTests.swift */ = {isa = PBXFileReference; lastKnownFileType = sourcecode.swift; path = PSixTests.swift; sourceTree = "<group>"; };
		D0B8A5981AECD20F00B1BAC9 /* EventCell.swift */ = {isa = PBXFileReference; fileEncoding = 4; lastKnownFileType = sourcecode.swift; path = EventCell.swift; sourceTree = "<group>"; };
		D0B8A59B1AECFCF900B1BAC9 /* NSDate.swift */ = {isa = PBXFileReference; fileEncoding = 4; lastKnownFileType = sourcecode.swift; path = NSDate.swift; sourceTree = "<group>"; };
		D0C015111AE51E0B00BC9152 /* FBRequest.swift */ = {isa = PBXFileReference; fileEncoding = 4; lastKnownFileType = sourcecode.swift; path = FBRequest.swift; sourceTree = "<group>"; };
		D0C015141AE51F2B00BC9152 /* FBUserRequest.swift */ = {isa = PBXFileReference; fileEncoding = 4; lastKnownFileType = sourcecode.swift; path = FBUserRequest.swift; sourceTree = "<group>"; };
		D0C015181AE5339300BC9152 /* FBUserEventsRequest.swift */ = {isa = PBXFileReference; fileEncoding = 4; lastKnownFileType = sourcecode.swift; path = FBUserEventsRequest.swift; sourceTree = "<group>"; };
		D0C0151A1AE54A9700BC9152 /* FBConstants.swift */ = {isa = PBXFileReference; fileEncoding = 4; lastKnownFileType = sourcecode.swift; path = FBConstants.swift; sourceTree = "<group>"; };
		D0C0151C1AE55DAC00BC9152 /* FBResponse.swift */ = {isa = PBXFileReference; fileEncoding = 4; lastKnownFileType = sourcecode.swift; path = FBResponse.swift; sourceTree = "<group>"; };
		D0E31D4A1AF6155F007865D2 /* MonthDay.xib */ = {isa = PBXFileReference; fileEncoding = 4; lastKnownFileType = file.xib; path = MonthDay.xib; sourceTree = "<group>"; };
		D0E31D4C1AF62E0C007865D2 /* MonthDay.swift */ = {isa = PBXFileReference; fileEncoding = 4; lastKnownFileType = sourcecode.swift; path = MonthDay.swift; sourceTree = "<group>"; };
		D0E31D4F1AF65C0B007865D2 /* UIXibView.swift */ = {isa = PBXFileReference; fileEncoding = 4; lastKnownFileType = sourcecode.swift; path = UIXibView.swift; sourceTree = "<group>"; };
		D0E31D521AF66A01007865D2 /* ShadedImageView.xib */ = {isa = PBXFileReference; fileEncoding = 4; lastKnownFileType = file.xib; path = ShadedImageView.xib; sourceTree = "<group>"; };
		D0E31D541AF66A66007865D2 /* ShadedImageView.swift */ = {isa = PBXFileReference; fileEncoding = 4; lastKnownFileType = sourcecode.swift; path = ShadedImageView.swift; sourceTree = "<group>"; };
/* End PBXFileReference section */

/* Begin PBXFrameworksBuildPhase section */
		D0958F7B1ADA9D0900FC4AA4 /* Frameworks */ = {
			isa = PBXFrameworksBuildPhase;
			buildActionMask = 2147483647;
			files = (
				A01FAC2E013F6AB831E287F0 /* libPods-PSix.a in Frameworks */,
			);
			runOnlyForDeploymentPostprocessing = 0;
		};
		D0958F931ADA9D0900FC4AA4 /* Frameworks */ = {
			isa = PBXFrameworksBuildPhase;
			buildActionMask = 2147483647;
			files = (
			);
			runOnlyForDeploymentPostprocessing = 0;
		};
/* End PBXFrameworksBuildPhase section */

/* Begin PBXGroup section */
		9A3D360FEF0536E3EFF77E6C /* Pods */ = {
			isa = PBXGroup;
			children = (
				0ED50DFA5BC13E55468E6751 /* Pods-PSix.debug.xcconfig */,
				1FDEA9F7EB8198959E50BE9E /* Pods-PSix.release.xcconfig */,
			);
			name = Pods;
			sourceTree = "<group>";
		};
		D0178CAC1AEE78CA00FD2DD1 /* Presenters */ = {
			isa = PBXGroup;
			children = (
				D0178CAD1AEE78DB00FD2DD1 /* EventPresenter.swift */,
			);
			name = Presenters;
			sourceTree = "<group>";
		};
		D01BD2AB1AFB59D30010B39A /* EventsListCells */ = {
			isa = PBXGroup;
			children = (
				D0B8A5981AECD20F00B1BAC9 /* EventCell.swift */,
			);
			name = EventsListCells;
			sourceTree = "<group>";
		};
		D01BD2AC1AFB59E40010B39A /* EventDetailsCoverView */ = {
			isa = PBXGroup;
			children = (
				D01BD2AD1AFB5A520010B39A /* EventDetailsCoverView.xib */,
				D01BD2AF1AFB5E5B0010B39A /* EventDetailsCoverView.swift */,
			);
			name = EventDetailsCoverView;
			sourceTree = "<group>";
		};
		D01BD2B11AFB856E0010B39A /* TableViewCells */ = {
			isa = PBXGroup;
			children = (
				D01BD2B21AFB857D0010B39A /* EventDetailsCells */,
				D01BD2AB1AFB59D30010B39A /* EventsListCells */,
			);
			name = TableViewCells;
			sourceTree = "<group>";
		};
		D01BD2B21AFB857D0010B39A /* EventDetailsCells */ = {
			isa = PBXGroup;
			children = (
				D01BD2B31AFB85A20010B39A /* EventCoverCell.swift */,
				D01BD2B51AFB91330010B39A /* EventPaymentStatusCell.swift */,
				D01BD2B71AFB916F0010B39A /* RsvpSelectionCell.swift */,
				D01BD2B91AFB91880010B39A /* RsvpStubCell.swift */,
			);
			name = EventDetailsCells;
			sourceTree = "<group>";
		};
		D04A951D1AE698FC007B1D70 /* Extensions */ = {
			isa = PBXGroup;
			children = (
				D04A951E1AE6990A007B1D70 /* String.swift */,
				D0B8A59B1AECFCF900B1BAC9 /* NSDate.swift */,
				D0124FD91AF11B9A00965A10 /* Array.swift */,
				D0455D421AF8D35A002148D8 /* UIViewController.swift */,
			);
			name = Extensions;
			sourceTree = "<group>";
		};
		D06957791ADFCF51009DB549 /* Services */ = {
			isa = PBXGroup;
			children = (
				D0C015131AE51EEF00BC9152 /* Facebook */,
				D008A1191ADD2F9E00AF6666 /* ParseUserSession.swift */,
				D01BD2A91AFA990F0010B39A /* ParseUserSessionDelegate.swift */,
			);
			name = Services;
			sourceTree = "<group>";
		};
		D078119C1ADE52210005E643 /* Model */ = {
			isa = PBXGroup;
			children = (
				D06957751ADEAF09009DB549 /* User.swift */,
				D06957771ADEF3EB009DB549 /* Event.swift */,
				D08A16F71AED939900EC58AE /* Payment.swift */,
				D00D2EF31AF26B950066CE51 /* RSVP.swift */,
			);
			name = Model;
			path = ..;
			sourceTree = "<group>";
		};
		D078119E1ADE52380005E643 /* Controllers */ = {
			isa = PBXGroup;
			children = (
				D0501E0E1ADBD7E900EB6A83 /* OnboardingViewController.swift */,
				D0501E101ADBD7FF00EB6A83 /* EventsListViewController.swift */,
				D0455D3C1AF8B9E1002148D8 /* EventDetailsViewController.swift */,
				D0455D401AF8CC28002148D8 /* P6RootViewController.swift */,
			);
			name = Controllers;
			sourceTree = "<group>";
		};
		D078119F1ADE52400005E643 /* Storyboards */ = {
			isa = PBXGroup;
			children = (
				D00632421ADE547400022DDF /* Onboarding.storyboard */,
				D00632441ADE54DA00022DDF /* EventsFlow.storyboard */,
			);
			name = Storyboards;
			sourceTree = "<group>";
		};
		D0958F751ADA9D0900FC4AA4 = {
			isa = PBXGroup;
			children = (
				D0958F801ADA9D0900FC4AA4 /* PSix */,
				D0958F991ADA9D0900FC4AA4 /* PSixTests */,
				D0958F7F1ADA9D0900FC4AA4 /* Products */,
				D0958FAA1ADA9E9300FC4AA4 /* Frameworks */,
				9A3D360FEF0536E3EFF77E6C /* Pods */,
			);
			sourceTree = "<group>";
		};
		D0958F7F1ADA9D0900FC4AA4 /* Products */ = {
			isa = PBXGroup;
			children = (
				D0958F7E1ADA9D0900FC4AA4 /* PSix.app */,
				D0958F961ADA9D0900FC4AA4 /* PSixTests.xctest */,
			);
			name = Products;
			sourceTree = "<group>";
		};
		D0958F801ADA9D0900FC4AA4 /* PSix */ = {
			isa = PBXGroup;
			children = (
				D0958F8D1ADA9D0900FC4AA4 /* Images.xcassets */,
				D0958F831ADA9D0900FC4AA4 /* AppDelegate.swift */,
				D0178CAC1AEE78CA00FD2DD1 /* Presenters */,
				D04A951D1AE698FC007B1D70 /* Extensions */,
				D06957791ADFCF51009DB549 /* Services */,
				D078119C1ADE52210005E643 /* Model */,
				D0B8A59A1AECD3EA00B1BAC9 /* Views */,
				D078119E1ADE52380005E643 /* Controllers */,
				D078119F1ADE52400005E643 /* Storyboards */,
				D0958F811ADA9D0900FC4AA4 /* Supporting Files */,
			);
			path = PSix;
			sourceTree = "<group>";
		};
		D0958F811ADA9D0900FC4AA4 /* Supporting Files */ = {
			isa = PBXGroup;
			children = (
				D0501E0C1ADBBA9000EB6A83 /* ObjCBridging.h */,
				D0958F821ADA9D0900FC4AA4 /* Info.plist */,
			);
			name = "Supporting Files";
			sourceTree = "<group>";
		};
		D0958F991ADA9D0900FC4AA4 /* PSixTests */ = {
			isa = PBXGroup;
			children = (
				D0958F9C1ADA9D0900FC4AA4 /* PSixTests.swift */,
				D0958F9A1ADA9D0900FC4AA4 /* Supporting Files */,
			);
			path = PSixTests;
			sourceTree = "<group>";
		};
		D0958F9A1ADA9D0900FC4AA4 /* Supporting Files */ = {
			isa = PBXGroup;
			children = (
				D0958F9B1ADA9D0900FC4AA4 /* Info.plist */,
			);
			name = "Supporting Files";
			sourceTree = "<group>";
		};
		D0958FAA1ADA9E9300FC4AA4 /* Frameworks */ = {
			isa = PBXGroup;
			children = (
				39BDBF7FFA39053123B247C8 /* libPods-PSix.a */,
			);
			name = Frameworks;
			sourceTree = "<group>";
		};
		D0B8A59A1AECD3EA00B1BAC9 /* Views */ = {
			isa = PBXGroup;
			children = (
				D01BD2B11AFB856E0010B39A /* TableViewCells */,
				D01BD2AC1AFB59E40010B39A /* EventDetailsCoverView */,
				D0E31D511AF664DA007865D2 /* ShadedImageView */,
				D0E31D4E1AF65BED007865D2 /* MonthDayView */,
				D0E31D4F1AF65C0B007865D2 /* UIXibView.swift */,
			);
			name = Views;
			sourceTree = "<group>";
		};
		D0C015131AE51EEF00BC9152 /* Facebook */ = {
			isa = PBXGroup;
			children = (
				D069577A1ADFCFC4009DB549 /* FacebookService.swift */,
				D0C015111AE51E0B00BC9152 /* FBRequest.swift */,
				D0C015141AE51F2B00BC9152 /* FBUserRequest.swift */,
				D0C015181AE5339300BC9152 /* FBUserEventsRequest.swift */,
				D0C0151A1AE54A9700BC9152 /* FBConstants.swift */,
				D0C0151C1AE55DAC00BC9152 /* FBResponse.swift */,
			);
			name = Facebook;
			sourceTree = "<group>";
		};
		D0E31D4E1AF65BED007865D2 /* MonthDayView */ = {
			isa = PBXGroup;
			children = (
				D0E31D4A1AF6155F007865D2 /* MonthDay.xib */,
				D0E31D4C1AF62E0C007865D2 /* MonthDay.swift */,
			);
			name = MonthDayView;
			sourceTree = "<group>";
		};
		D0E31D511AF664DA007865D2 /* ShadedImageView */ = {
			isa = PBXGroup;
			children = (
				D0E31D521AF66A01007865D2 /* ShadedImageView.xib */,
				D0E31D541AF66A66007865D2 /* ShadedImageView.swift */,
			);
			name = ShadedImageView;
			sourceTree = "<group>";
		};
/* End PBXGroup section */

/* Begin PBXNativeTarget section */
		D0958F7D1ADA9D0900FC4AA4 /* PSix */ = {
			isa = PBXNativeTarget;
			buildConfigurationList = D0958FA01ADA9D0900FC4AA4 /* Build configuration list for PBXNativeTarget "PSix" */;
			buildPhases = (
				DB7210D0B8673B5511558EDB /* Check Pods Manifest.lock */,
				D0958F7A1ADA9D0900FC4AA4 /* Sources */,
				D0958F7B1ADA9D0900FC4AA4 /* Frameworks */,
				D0958F7C1ADA9D0900FC4AA4 /* Resources */,
				98A78551BCF6452193A7CB0D /* Copy Pods Resources */,
			);
			buildRules = (
			);
			dependencies = (
			);
			name = PSix;
			productName = PSix;
			productReference = D0958F7E1ADA9D0900FC4AA4 /* PSix.app */;
			productType = "com.apple.product-type.application";
		};
		D0958F951ADA9D0900FC4AA4 /* PSixTests */ = {
			isa = PBXNativeTarget;
			buildConfigurationList = D0958FA31ADA9D0900FC4AA4 /* Build configuration list for PBXNativeTarget "PSixTests" */;
			buildPhases = (
				D0958F921ADA9D0900FC4AA4 /* Sources */,
				D0958F931ADA9D0900FC4AA4 /* Frameworks */,
				D0958F941ADA9D0900FC4AA4 /* Resources */,
			);
			buildRules = (
			);
			dependencies = (
				D0958F981ADA9D0900FC4AA4 /* PBXTargetDependency */,
			);
			name = PSixTests;
			productName = PSixTests;
			productReference = D0958F961ADA9D0900FC4AA4 /* PSixTests.xctest */;
			productType = "com.apple.product-type.bundle.unit-test";
		};
/* End PBXNativeTarget section */

/* Begin PBXProject section */
		D0958F761ADA9D0900FC4AA4 /* Project object */ = {
			isa = PBXProject;
			attributes = {
				LastUpgradeCheck = 0630;
				ORGANIZATIONNAME = PayPal;
				TargetAttributes = {
					D0958F7D1ADA9D0900FC4AA4 = {
						CreatedOnToolsVersion = 6.3;
						DevelopmentTeam = QNT889H433;
						SystemCapabilities = {
							com.apple.InAppPurchase = {
								enabled = 0;
							};
						};
					};
					D0958F951ADA9D0900FC4AA4 = {
						CreatedOnToolsVersion = 6.3;
						TestTargetID = D0958F7D1ADA9D0900FC4AA4;
					};
				};
			};
			buildConfigurationList = D0958F791ADA9D0900FC4AA4 /* Build configuration list for PBXProject "PSix" */;
			compatibilityVersion = "Xcode 3.2";
			developmentRegion = English;
			hasScannedForEncodings = 0;
			knownRegions = (
				en,
				Base,
			);
			mainGroup = D0958F751ADA9D0900FC4AA4;
			productRefGroup = D0958F7F1ADA9D0900FC4AA4 /* Products */;
			projectDirPath = "";
			projectRoot = "";
			targets = (
				D0958F7D1ADA9D0900FC4AA4 /* PSix */,
				D0958F951ADA9D0900FC4AA4 /* PSixTests */,
			);
		};
/* End PBXProject section */

/* Begin PBXResourcesBuildPhase section */
		D0958F7C1ADA9D0900FC4AA4 /* Resources */ = {
			isa = PBXResourcesBuildPhase;
			buildActionMask = 2147483647;
			files = (
				D0958F8E1ADA9D0900FC4AA4 /* Images.xcassets in Resources */,
				D0E31D4B1AF6155F007865D2 /* MonthDay.xib in Resources */,
				D0E31D531AF66A01007865D2 /* ShadedImageView.xib in Resources */,
				D00632431ADE547400022DDF /* Onboarding.storyboard in Resources */,
				D01BD2AE1AFB5A520010B39A /* EventDetailsCoverView.xib in Resources */,
				D00632451ADE54DA00022DDF /* EventsFlow.storyboard in Resources */,
			);
			runOnlyForDeploymentPostprocessing = 0;
		};
		D0958F941ADA9D0900FC4AA4 /* Resources */ = {
			isa = PBXResourcesBuildPhase;
			buildActionMask = 2147483647;
			files = (
			);
			runOnlyForDeploymentPostprocessing = 0;
		};
/* End PBXResourcesBuildPhase section */

/* Begin PBXShellScriptBuildPhase section */
		98A78551BCF6452193A7CB0D /* Copy Pods Resources */ = {
			isa = PBXShellScriptBuildPhase;
			buildActionMask = 2147483647;
			files = (
			);
			inputPaths = (
			);
			name = "Copy Pods Resources";
			outputPaths = (
			);
			runOnlyForDeploymentPostprocessing = 0;
			shellPath = /bin/sh;
			shellScript = "\"${SRCROOT}/Pods/Target Support Files/Pods-PSix/Pods-PSix-resources.sh\"\n";
			showEnvVarsInLog = 0;
		};
		DB7210D0B8673B5511558EDB /* Check Pods Manifest.lock */ = {
			isa = PBXShellScriptBuildPhase;
			buildActionMask = 2147483647;
			files = (
			);
			inputPaths = (
			);
			name = "Check Pods Manifest.lock";
			outputPaths = (
			);
			runOnlyForDeploymentPostprocessing = 0;
			shellPath = /bin/sh;
			shellScript = "diff \"${PODS_ROOT}/../Podfile.lock\" \"${PODS_ROOT}/Manifest.lock\" > /dev/null\nif [[ $? != 0 ]] ; then\n    cat << EOM\nerror: The sandbox is not in sync with the Podfile.lock. Run 'pod install' or update your CocoaPods installation.\nEOM\n    exit 1\nfi\n";
			showEnvVarsInLog = 0;
		};
/* End PBXShellScriptBuildPhase section */

/* Begin PBXSourcesBuildPhase section */
		D0958F7A1ADA9D0900FC4AA4 /* Sources */ = {
			isa = PBXSourcesBuildPhase;
			buildActionMask = 2147483647;
			files = (
				D01BD2BA1AFB91880010B39A /* RsvpStubCell.swift in Sources */,
				D008A11A1ADD2F9E00AF6666 /* ParseUserSession.swift in Sources */,
				D0E31D501AF65C0B007865D2 /* UIXibView.swift in Sources */,
				D04A951F1AE6990A007B1D70 /* String.swift in Sources */,
				D0C0151B1AE54A9700BC9152 /* FBConstants.swift in Sources */,
				D0455D431AF8D35A002148D8 /* UIViewController.swift in Sources */,
				D0E31D551AF66A66007865D2 /* ShadedImageView.swift in Sources */,
				D0C015121AE51E0B00BC9152 /* FBRequest.swift in Sources */,
				D0B8A59C1AECFCF900B1BAC9 /* NSDate.swift in Sources */,
				D0E31D4D1AF62E0C007865D2 /* MonthDay.swift in Sources */,
				D0501E111ADBD7FF00EB6A83 /* EventsListViewController.swift in Sources */,
				D08A16F81AED939900EC58AE /* Payment.swift in Sources */,
				D0C015191AE5339300BC9152 /* FBUserEventsRequest.swift in Sources */,
				D0B8A5991AECD20F00B1BAC9 /* EventCell.swift in Sources */,
				D0124FDA1AF11B9A00965A10 /* Array.swift in Sources */,
				D069577B1ADFCFC4009DB549 /* FacebookService.swift in Sources */,
				D01BD2B01AFB5E5B0010B39A /* EventDetailsCoverView.swift in Sources */,
				D0455D411AF8CC28002148D8 /* P6RootViewController.swift in Sources */,
				D0178CAE1AEE78DB00FD2DD1 /* EventPresenter.swift in Sources */,
				D0958F841ADA9D0900FC4AA4 /* AppDelegate.swift in Sources */,
				D01BD2B81AFB916F0010B39A /* RsvpSelectionCell.swift in Sources */,
				D00D2EF41AF26B950066CE51 /* RSVP.swift in Sources */,
				D0455D3D1AF8B9E1002148D8 /* EventDetailsViewController.swift in Sources */,
				D06957761ADEAF09009DB549 /* User.swift in Sources */,
				D0C015151AE51F2B00BC9152 /* FBUserRequest.swift in Sources */,
				D01BD2B61AFB91330010B39A /* EventPaymentStatusCell.swift in Sources */,
				D01BD2AA1AFA990F0010B39A /* ParseUserSessionDelegate.swift in Sources */,
				D01BD2B41AFB85A20010B39A /* EventCoverCell.swift in Sources */,
				D06957781ADEF3EB009DB549 /* Event.swift in Sources */,
				D0C0151D1AE55DAC00BC9152 /* FBResponse.swift in Sources */,
				D0501E0F1ADBD7E900EB6A83 /* OnboardingViewController.swift in Sources */,
			);
			runOnlyForDeploymentPostprocessing = 0;
		};
		D0958F921ADA9D0900FC4AA4 /* Sources */ = {
			isa = PBXSourcesBuildPhase;
			buildActionMask = 2147483647;
			files = (
				D0958F9D1ADA9D0900FC4AA4 /* PSixTests.swift in Sources */,
			);
			runOnlyForDeploymentPostprocessing = 0;
		};
/* End PBXSourcesBuildPhase section */

/* Begin PBXTargetDependency section */
		D0958F981ADA9D0900FC4AA4 /* PBXTargetDependency */ = {
			isa = PBXTargetDependency;
			target = D0958F7D1ADA9D0900FC4AA4 /* PSix */;
			targetProxy = D0958F971ADA9D0900FC4AA4 /* PBXContainerItemProxy */;
		};
/* End PBXTargetDependency section */

/* Begin XCBuildConfiguration section */
		D0958F9E1ADA9D0900FC4AA4 /* Debug */ = {
			isa = XCBuildConfiguration;
			buildSettings = {
				ALWAYS_SEARCH_USER_PATHS = NO;
				CLANG_CXX_LANGUAGE_STANDARD = "gnu++0x";
				CLANG_CXX_LIBRARY = "libc++";
				CLANG_ENABLE_MODULES = YES;
				CLANG_ENABLE_OBJC_ARC = YES;
				CLANG_WARN_BOOL_CONVERSION = YES;
				CLANG_WARN_CONSTANT_CONVERSION = YES;
				CLANG_WARN_DIRECT_OBJC_ISA_USAGE = YES_ERROR;
				CLANG_WARN_EMPTY_BODY = YES;
				CLANG_WARN_ENUM_CONVERSION = YES;
				CLANG_WARN_INT_CONVERSION = YES;
				CLANG_WARN_OBJC_ROOT_CLASS = YES_ERROR;
				CLANG_WARN_UNREACHABLE_CODE = YES;
				CLANG_WARN__DUPLICATE_METHOD_MATCH = YES;
				"CODE_SIGN_IDENTITY[sdk=iphoneos*]" = "iPhone Developer";
				COPY_PHASE_STRIP = NO;
				DEBUG_INFORMATION_FORMAT = "dwarf-with-dsym";
				ENABLE_STRICT_OBJC_MSGSEND = YES;
				GCC_C_LANGUAGE_STANDARD = gnu99;
				GCC_DYNAMIC_NO_PIC = NO;
				GCC_NO_COMMON_BLOCKS = YES;
				GCC_OPTIMIZATION_LEVEL = 0;
				GCC_PREPROCESSOR_DEFINITIONS = (
					"DEBUG=1",
					"$(inherited)",
				);
				GCC_SYMBOLS_PRIVATE_EXTERN = NO;
				GCC_WARN_64_TO_32_BIT_CONVERSION = YES;
				GCC_WARN_ABOUT_RETURN_TYPE = YES_ERROR;
				GCC_WARN_UNDECLARED_SELECTOR = YES;
				GCC_WARN_UNINITIALIZED_AUTOS = YES_AGGRESSIVE;
				GCC_WARN_UNUSED_FUNCTION = YES;
				GCC_WARN_UNUSED_VARIABLE = YES;
				IPHONEOS_DEPLOYMENT_TARGET = 8.3;
				MTL_ENABLE_DEBUG_INFO = YES;
				ONLY_ACTIVE_ARCH = YES;
				SDKROOT = iphoneos;
				SWIFT_OPTIMIZATION_LEVEL = "-Onone";
				TARGETED_DEVICE_FAMILY = "1,2";
			};
			name = Debug;
		};
		D0958F9F1ADA9D0900FC4AA4 /* Release */ = {
			isa = XCBuildConfiguration;
			buildSettings = {
				ALWAYS_SEARCH_USER_PATHS = NO;
				CLANG_CXX_LANGUAGE_STANDARD = "gnu++0x";
				CLANG_CXX_LIBRARY = "libc++";
				CLANG_ENABLE_MODULES = YES;
				CLANG_ENABLE_OBJC_ARC = YES;
				CLANG_WARN_BOOL_CONVERSION = YES;
				CLANG_WARN_CONSTANT_CONVERSION = YES;
				CLANG_WARN_DIRECT_OBJC_ISA_USAGE = YES_ERROR;
				CLANG_WARN_EMPTY_BODY = YES;
				CLANG_WARN_ENUM_CONVERSION = YES;
				CLANG_WARN_INT_CONVERSION = YES;
				CLANG_WARN_OBJC_ROOT_CLASS = YES_ERROR;
				CLANG_WARN_UNREACHABLE_CODE = YES;
				CLANG_WARN__DUPLICATE_METHOD_MATCH = YES;
				"CODE_SIGN_IDENTITY[sdk=iphoneos*]" = "iPhone Developer";
				COPY_PHASE_STRIP = NO;
				DEBUG_INFORMATION_FORMAT = "dwarf-with-dsym";
				ENABLE_NS_ASSERTIONS = NO;
				ENABLE_STRICT_OBJC_MSGSEND = YES;
				GCC_C_LANGUAGE_STANDARD = gnu99;
				GCC_NO_COMMON_BLOCKS = YES;
				GCC_WARN_64_TO_32_BIT_CONVERSION = YES;
				GCC_WARN_ABOUT_RETURN_TYPE = YES_ERROR;
				GCC_WARN_UNDECLARED_SELECTOR = YES;
				GCC_WARN_UNINITIALIZED_AUTOS = YES_AGGRESSIVE;
				GCC_WARN_UNUSED_FUNCTION = YES;
				GCC_WARN_UNUSED_VARIABLE = YES;
				IPHONEOS_DEPLOYMENT_TARGET = 8.3;
				MTL_ENABLE_DEBUG_INFO = NO;
				SDKROOT = iphoneos;
				TARGETED_DEVICE_FAMILY = "1,2";
				VALIDATE_PRODUCT = YES;
			};
			name = Release;
		};
		D0958FA11ADA9D0900FC4AA4 /* Debug */ = {
			isa = XCBuildConfiguration;
			baseConfigurationReference = 0ED50DFA5BC13E55468E6751 /* Pods-PSix.debug.xcconfig */;
			buildSettings = {
				ASSETCATALOG_COMPILER_APPICON_NAME = AppIcon;
				ASSETCATALOG_COMPILER_LAUNCHIMAGE_NAME = LaunchImage;
				FRAMEWORK_SEARCH_PATHS = (
					"$(inherited)",
					"$(PROJECT_DIR)",
					/Users/aturzion/Documents/FacebookSDK,
				);
				INFOPLIST_FILE = PSix/Info.plist;
				LD_RUNPATH_SEARCH_PATHS = "$(inherited) @executable_path/Frameworks";
				PRODUCT_NAME = "$(TARGET_NAME)";
				SWIFT_OBJC_BRIDGING_HEADER = PSix/ObjCBridging.h;
			};
			name = Debug;
		};
		D0958FA21ADA9D0900FC4AA4 /* Release */ = {
			isa = XCBuildConfiguration;
			baseConfigurationReference = 1FDEA9F7EB8198959E50BE9E /* Pods-PSix.release.xcconfig */;
			buildSettings = {
				ASSETCATALOG_COMPILER_APPICON_NAME = AppIcon;
				ASSETCATALOG_COMPILER_LAUNCHIMAGE_NAME = LaunchImage;
				FRAMEWORK_SEARCH_PATHS = (
					"$(inherited)",
					"$(PROJECT_DIR)",
					/Users/aturzion/Documents/FacebookSDK,
				);
				INFOPLIST_FILE = PSix/Info.plist;
				LD_RUNPATH_SEARCH_PATHS = "$(inherited) @executable_path/Frameworks";
				PRODUCT_NAME = "$(TARGET_NAME)";
				SWIFT_OBJC_BRIDGING_HEADER = PSix/ObjCBridging.h;
			};
			name = Release;
		};
		D0958FA41ADA9D0900FC4AA4 /* Debug */ = {
			isa = XCBuildConfiguration;
			buildSettings = {
				BUNDLE_LOADER = "$(TEST_HOST)";
				FRAMEWORK_SEARCH_PATHS = (
					"$(SDKROOT)/Developer/Library/Frameworks",
					"$(inherited)",
				);
				GCC_PREPROCESSOR_DEFINITIONS = (
					"DEBUG=1",
					"$(inherited)",
				);
				INFOPLIST_FILE = PSixTests/Info.plist;
				LD_RUNPATH_SEARCH_PATHS = "$(inherited) @executable_path/Frameworks @loader_path/Frameworks";
				PRODUCT_NAME = "$(TARGET_NAME)";
				TEST_HOST = "$(BUILT_PRODUCTS_DIR)/PSix.app/PSix";
			};
			name = Debug;
		};
		D0958FA51ADA9D0900FC4AA4 /* Release */ = {
			isa = XCBuildConfiguration;
			buildSettings = {
				BUNDLE_LOADER = "$(TEST_HOST)";
				FRAMEWORK_SEARCH_PATHS = (
					"$(SDKROOT)/Developer/Library/Frameworks",
					"$(inherited)",
				);
				INFOPLIST_FILE = PSixTests/Info.plist;
				LD_RUNPATH_SEARCH_PATHS = "$(inherited) @executable_path/Frameworks @loader_path/Frameworks";
				PRODUCT_NAME = "$(TARGET_NAME)";
				TEST_HOST = "$(BUILT_PRODUCTS_DIR)/PSix.app/PSix";
			};
			name = Release;
		};
/* End XCBuildConfiguration section */

/* Begin XCConfigurationList section */
		D0958F791ADA9D0900FC4AA4 /* Build configuration list for PBXProject "PSix" */ = {
			isa = XCConfigurationList;
			buildConfigurations = (
				D0958F9E1ADA9D0900FC4AA4 /* Debug */,
				D0958F9F1ADA9D0900FC4AA4 /* Release */,
			);
			defaultConfigurationIsVisible = 0;
			defaultConfigurationName = Release;
		};
		D0958FA01ADA9D0900FC4AA4 /* Build configuration list for PBXNativeTarget "PSix" */ = {
			isa = XCConfigurationList;
			buildConfigurations = (
				D0958FA11ADA9D0900FC4AA4 /* Debug */,
				D0958FA21ADA9D0900FC4AA4 /* Release */,
			);
			defaultConfigurationIsVisible = 0;
			defaultConfigurationName = Release;
		};
		D0958FA31ADA9D0900FC4AA4 /* Build configuration list for PBXNativeTarget "PSixTests" */ = {
			isa = XCConfigurationList;
			buildConfigurations = (
				D0958FA41ADA9D0900FC4AA4 /* Debug */,
				D0958FA51ADA9D0900FC4AA4 /* Release */,
			);
			defaultConfigurationIsVisible = 0;
			defaultConfigurationName = Release;
		};
/* End XCConfigurationList section */
	};
	rootObject = D0958F761ADA9D0900FC4AA4 /* Project object */;
}
